
Microsoft Visual Studio Solution File, Format Version 12.00
# Visual Studio 15
VisualStudioVersion = 15.0.28307.271
MinimumVisualStudioVersion = 10.0.40219.1
Project("{FAE04EC0-301F-11D3-BF4B-00C04F79EFBC}") = "Blogging.Model", "Blogging.Model\Blogging.Model.csproj", "{7F064C1F-E1E4-41B6-9C15-649F4603F15D}"
EndProject
Project("{FAE04EC0-301F-11D3-BF4B-00C04F79EFBC}") = "Blogging.Migrations.Startup", "Blogging.Migrations.Startup\Blogging.Migrations.Startup.csproj", "{6C2F22AA-91C5-474E-8411-B8979686A4C2}"
EndProject
Project("{FAE04EC0-301F-11D3-BF4B-00C04F79EFBC}") = "Blogging.UWP", "Blogging.UWP\Blogging.UWP.csproj", "{2B72D7BE-67B6-4B98-820B-6C9377E6922F}"
EndProject
Global
	GlobalSection(SolutionConfigurationPlatforms) = preSolution
		Debug|Any CPU = Debug|Any CPU
		Debug|ARM = Debug|ARM
		Debug|ARM64 = Debug|ARM64
		Debug|x64 = Debug|x64
		Debug|x86 = Debug|x86
		Release|Any CPU = Release|Any CPU
		Release|ARM = Release|ARM
		Release|ARM64 = Release|ARM64
		Release|x64 = Release|x64
		Release|x86 = Release|x86
	EndGlobalSection
	GlobalSection(ProjectConfigurationPlatforms) = postSolution
		{7F064C1F-E1E4-41B6-9C15-649F4603F15D}.Debug|Any CPU.ActiveCfg = Debug|Any CPU
		{7F064C1F-E1E4-41B6-9C15-649F4603F15D}.Debug|Any CPU.Build.0 = Debug|Any CPU
		{7F064C1F-E1E4-41B6-9C15-649F4603F15D}.Debug|ARM.ActiveCfg = Debug|Any CPU
		{7F064C1F-E1E4-41B6-9C15-649F4603F15D}.Debug|ARM.Build.0 = Debug|Any CPU
		{7F064C1F-E1E4-41B6-9C15-649F4603F15D}.Debug|ARM64.ActiveCfg = Debug|Any CPU
		{7F064C1F-E1E4-41B6-9C15-649F4603F15D}.Debug|ARM64.Build.0 = Debug|Any CPU
		{7F064C1F-E1E4-41B6-9C15-649F4603F15D}.Debug|x64.ActiveCfg = Debug|Any CPU
		{7F064C1F-E1E4-41B6-9C15-649F4603F15D}.Debug|x64.Build.0 = Debug|Any CPU
		{7F064C1F-E1E4-41B6-9C15-649F4603F15D}.Debug|x86.ActiveCfg = Debug|Any CPU
		{7F064C1F-E1E4-41B6-9C15-649F4603F15D}.Debug|x86.Build.0 = Debug|Any CPU
		{7F064C1F-E1E4-41B6-9C15-649F4603F15D}.Release|Any CPU.ActiveCfg = Release|Any CPU
		{7F064C1F-E1E4-41B6-9C15-649F4603F15D}.Release|Any CPU.Build.0 = Release|Any CPU
		{7F064C1F-E1E4-41B6-9C15-649F4603F15D}.Release|ARM.ActiveCfg = Release|Any CPU
		{7F064C1F-E1E4-41B6-9C15-649F4603F15D}.Release|ARM.Build.0 = Release|Any CPU
		{7F064C1F-E1E4-41B6-9C15-649F4603F15D}.Release|ARM64.ActiveCfg = Release|Any CPU
		{7F064C1F-E1E4-41B6-9C15-649F4603F15D}.Release|ARM64.Build.0 = Release|Any CPU
		{7F064C1F-E1E4-41B6-9C15-649F4603F15D}.Release|x64.ActiveCfg = Release|Any CPU
		{7F064C1F-E1E4-41B6-9C15-649F4603F15D}.Release|x64.Build.0 = Release|Any CPU
		{7F064C1F-E1E4-41B6-9C15-649F4603F15D}.Release|x86.ActiveCfg = Release|Any CPU
		{7F064C1F-E1E4-41B6-9C15-649F4603F15D}.Release|x86.Build.0 = Release|Any CPU
		{6C2F22AA-91C5-474E-8411-B8979686A4C2}.Debug|Any CPU.ActiveCfg = Debug|Any CPU
		{6C2F22AA-91C5-474E-8411-B8979686A4C2}.Debug|Any CPU.Build.0 = Debug|Any CPU
		{6C2F22AA-91C5-474E-8411-B8979686A4C2}.Debug|ARM.ActiveCfg = Debug|Any CPU
		{6C2F22AA-91C5-474E-8411-B8979686A4C2}.Debug|ARM.Build.0 = Debug|Any CPU
		{6C2F22AA-91C5-474E-8411-B8979686A4C2}.Debug|ARM64.ActiveCfg = Debug|Any CPU
		{6C2F22AA-91C5-474E-8411-B8979686A4C2}.Debug|ARM64.Build.0 = Debug|Any CPU
		{6C2F22AA-91C5-474E-8411-B8979686A4C2}.Debug|x64.ActiveCfg = Debug|Any CPU
		{6C2F22AA-91C5-474E-8411-B8979686A4C2}.Debug|x64.Build.0 = Debug|Any CPU
		{6C2F22AA-91C5-474E-8411-B8979686A4C2}.Debug|x86.ActiveCfg = Debug|Any CPU
		{6C2F22AA-91C5-474E-8411-B8979686A4C2}.Debug|x86.Build.0 = Debug|Any CPU
		{6C2F22AA-91C5-474E-8411-B8979686A4C2}.Release|Any CPU.ActiveCfg = Release|Any CPU
		{6C2F22AA-91C5-474E-8411-B8979686A4C2}.Release|Any CPU.Build.0 = Release|Any CPU
		{6C2F22AA-91C5-474E-8411-B8979686A4C2}.Release|ARM.ActiveCfg = Release|Any CPU
		{6C2F22AA-91C5-474E-8411-B8979686A4C2}.Release|ARM.Build.0 = Release|Any CPU
		{6C2F22AA-91C5-474E-8411-B8979686A4C2}.Release|ARM64.ActiveCfg = Release|Any CPU
		{6C2F22AA-91C5-474E-8411-B8979686A4C2}.Release|ARM64.Build.0 = Release|Any CPU
		{6C2F22AA-91C5-474E-8411-B8979686A4C2}.Release|x64.ActiveCfg = Release|Any CPU
		{6C2F22AA-91C5-474E-8411-B8979686A4C2}.Release|x64.Build.0 = Release|Any CPU
		{6C2F22AA-91C5-474E-8411-B8979686A4C2}.Release|x86.ActiveCfg = Release|Any CPU
		{6C2F22AA-91C5-474E-8411-B8979686A4C2}.Release|x86.Build.0 = Release|Any CPU
		{2B72D7BE-67B6-4B98-820B-6C9377E6922F}.Debug|Any CPU.ActiveCfg = Debug|x86
		{2B72D7BE-67B6-4B98-820B-6C9377E6922F}.Debug|ARM.ActiveCfg = Debug|ARM
		{2B72D7BE-67B6-4B98-820B-6C9377E6922F}.Debug|ARM.Build.0 = Debug|ARM
		{2B72D7BE-67B6-4B98-820B-6C9377E6922F}.Debug|ARM.Deploy.0 = Debug|ARM
		{2B72D7BE-67B6-4B98-820B-6C9377E6922F}.Debug|ARM64.ActiveCfg = Debug|ARM64
		{2B72D7BE-67B6-4B98-820B-6C9377E6922F}.Debug|ARM64.Build.0 = Debug|ARM64
		{2B72D7BE-67B6-4B98-820B-6C9377E6922F}.Debug|ARM64.Deploy.0 = Debug|ARM64
		{2B72D7BE-67B6-4B98-820B-6C9377E6922F}.Debug|x64.ActiveCfg = Debug|x64
		{2B72D7BE-67B6-4B98-820B-6C9377E6922F}.Debug|x64.Build.0 = Debug|x64
		{2B72D7BE-67B6-4B98-820B-6C9377E6922F}.Debug|x64.Deploy.0 = Debug|x64
		{2B72D7BE-67B6-4B98-820B-6C9377E6922F}.Debug|x86.ActiveCfg = Debug|x86
		{2B72D7BE-67B6-4B98-820B-6C9377E6922F}.Debug|x86.Build.0 = Debug|x86
		{2B72D7BE-67B6-4B98-820B-6C9377E6922F}.Debug|x86.Deploy.0 = Debug|x86
		{2B72D7BE-67B6-4B98-820B-6C9377E6922F}.Release|Any CPU.ActiveCfg = Release|x86
		{2B72D7BE-67B6-4B98-820B-6C9377E6922F}.Release|ARM.ActiveCfg = Release|ARM
		{2B72D7BE-67B6-4B98-820B-6C9377E6922F}.Release|ARM.Build.0 = Release|ARM
		{2B72D7BE-67B6-4B98-820B-6C9377E6922F}.Release|ARM.Deploy.0 = Release|ARM
		{2B72D7BE-67B6-4B98-820B-6C9377E6922F}.Release|ARM64.ActiveCfg = Release|ARM64
		{2B72D7BE-67B6-4B98-820B-6C9377E6922F}.Release|ARM64.Build.0 = Release|ARM64
		{2B72D7BE-67B6-4B98-820B-6C9377E6922F}.Release|ARM64.Deploy.0 = Release|ARM64
		{2B72D7BE-67B6-4B98-820B-6C9377E6922F}.Release|x64.ActiveCfg = Release|x64
		{2B72D7BE-67B6-4B98-820B-6C9377E6922F}.Release|x64.Build.0 = Release|x64
		{2B72D7BE-67B6-4B98-820B-6C9377E6922F}.Release|x64.Deploy.0 = Release|x64
		{2B72D7BE-67B6-4B98-820B-6C9377E6922F}.Release|x86.ActiveCfg = Release|x86
		{2B72D7BE-67B6-4B98-820B-6C9377E6922F}.Release|x86.Build.0 = Release|x86
		{2B72D7BE-67B6-4B98-820B-6C9377E6922F}.Release|x86.Deploy.0 = Release|x86
	EndGlobalSection
	GlobalSection(SolutionProperties) = preSolution
		HideSolutionNode = FALSE
	EndGlobalSection
	GlobalSection(ExtensibilityGlobals) = postSolution
		SolutionGuid = {5B587427-E7AF-44B0-B114-038CCBC41203}
	EndGlobalSection
EndGlobal
