
Microsoft Visual Studio Solution File, Format Version 12.00
# Visual Studio 15
VisualStudioVersion = 15.0.28307.271
MinimumVisualStudioVersion = 10.0.40219.1
Project("{FAE04EC0-301F-11D3-BF4B-00C04F79EFBC}") = "Case2App_3.1", "Case2App_3.1\Case2App_3.1.csproj", "{719D4514-7D87-4262-817E-D269DE6B7C91}"
EndProject
Global
	GlobalSection(SolutionConfigurationPlatforms) = preSolution
		Debug|ARM = Debug|ARM
		Debug|ARM64 = Debug|ARM64
		Debug|x64 = Debug|x64
		Debug|x86 = Debug|x86
		Release|ARM = Release|ARM
		Release|ARM64 = Release|ARM64
		Release|x64 = Release|x64
		Release|x86 = Release|x86
	EndGlobalSection
	GlobalSection(ProjectConfigurationPlatforms) = postSolution
		{719D4514-7D87-4262-817E-D269DE6B7C91}.Debug|ARM.ActiveCfg = Debug|ARM
		{719D4514-7D87-4262-817E-D269DE6B7C91}.Debug|ARM.Build.0 = Debug|ARM
		{719D4514-7D87-4262-817E-D269DE6B7C91}.Debug|ARM.Deploy.0 = Debug|ARM
		{719D4514-7D87-4262-817E-D269DE6B7C91}.Debug|ARM64.ActiveCfg = Debug|ARM64
		{719D4514-7D87-4262-817E-D269DE6B7C91}.Debug|ARM64.Build.0 = Debug|ARM64
		{719D4514-7D87-4262-817E-D269DE6B7C91}.Debug|ARM64.Deploy.0 = Debug|ARM64
		{719D4514-7D87-4262-817E-D269DE6B7C91}.Debug|x64.ActiveCfg = Debug|x64
		{719D4514-7D87-4262-817E-D269DE6B7C91}.Debug|x64.Build.0 = Debug|x64
		{719D4514-7D87-4262-817E-D269DE6B7C91}.Debug|x64.Deploy.0 = Debug|x64
		{719D4514-7D87-4262-817E-D269DE6B7C91}.Debug|x86.ActiveCfg = Debug|x86
		{719D4514-7D87-4262-817E-D269DE6B7C91}.Debug|x86.Build.0 = Debug|x86
		{719D4514-7D87-4262-817E-D269DE6B7C91}.Debug|x86.Deploy.0 = Debug|x86
		{719D4514-7D87-4262-817E-D269DE6B7C91}.Release|ARM.ActiveCfg = Release|ARM
		{719D4514-7D87-4262-817E-D269DE6B7C91}.Release|ARM.Build.0 = Release|ARM
		{719D4514-7D87-4262-817E-D269DE6B7C91}.Release|ARM.Deploy.0 = Release|ARM
		{719D4514-7D87-4262-817E-D269DE6B7C91}.Release|ARM64.ActiveCfg = Release|ARM64
		{719D4514-7D87-4262-817E-D269DE6B7C91}.Release|ARM64.Build.0 = Release|ARM64
		{719D4514-7D87-4262-817E-D269DE6B7C91}.Release|ARM64.Deploy.0 = Release|ARM64
		{719D4514-7D87-4262-817E-D269DE6B7C91}.Release|x64.ActiveCfg = Release|x64
		{719D4514-7D87-4262-817E-D269DE6B7C91}.Release|x64.Build.0 = Release|x64
		{719D4514-7D87-4262-817E-D269DE6B7C91}.Release|x64.Deploy.0 = Release|x64
		{719D4514-7D87-4262-817E-D269DE6B7C91}.Release|x86.ActiveCfg = Release|x86
		{719D4514-7D87-4262-817E-D269DE6B7C91}.Release|x86.Build.0 = Release|x86
		{719D4514-7D87-4262-817E-D269DE6B7C91}.Release|x86.Deploy.0 = Release|x86
	EndGlobalSection
	GlobalSection(SolutionProperties) = preSolution
		HideSolutionNode = FALSE
	EndGlobalSection
	GlobalSection(ExtensibilityGlobals) = postSolution
		SolutionGuid = {875F19B5-E9EF-400D-B2D6-20822C8952AD}
	EndGlobalSection
EndGlobal
