
Microsoft Visual Studio Solution File, Format Version 12.00
# Visual Studio 15
VisualStudioVersion = 15.0.28307.271
MinimumVisualStudioVersion = 10.0.40219.1
Project("{FAE04EC0-301F-11D3-BF4B-00C04F79EFBC}") = "humburgerApp", "humburgerApp\humburgerApp.csproj", "{A655F1D7-8C7F-4E55-A916-6035E7D2010B}"
EndProject
Global
	GlobalSection(SolutionConfigurationPlatforms) = preSolution
		Debug|ARM = Debug|ARM
		Debug|ARM64 = Debug|ARM64
		Debug|x64 = Debug|x64
		Debug|x86 = Debug|x86
		Release|ARM = Release|ARM
		Release|ARM64 = Release|ARM64
		Release|x64 = Release|x64
		Release|x86 = Release|x86
	EndGlobalSection
	GlobalSection(ProjectConfigurationPlatforms) = postSolution
		{A655F1D7-8C7F-4E55-A916-6035E7D2010B}.Debug|ARM.ActiveCfg = Debug|ARM
		{A655F1D7-8C7F-4E55-A916-6035E7D2010B}.Debug|ARM.Build.0 = Debug|ARM
		{A655F1D7-8C7F-4E55-A916-6035E7D2010B}.Debug|ARM.Deploy.0 = Debug|ARM
		{A655F1D7-8C7F-4E55-A916-6035E7D2010B}.Debug|ARM64.ActiveCfg = Debug|ARM64
		{A655F1D7-8C7F-4E55-A916-6035E7D2010B}.Debug|ARM64.Build.0 = Debug|ARM64
		{A655F1D7-8C7F-4E55-A916-6035E7D2010B}.Debug|ARM64.Deploy.0 = Debug|ARM64
		{A655F1D7-8C7F-4E55-A916-6035E7D2010B}.Debug|x64.ActiveCfg = Debug|x64
		{A655F1D7-8C7F-4E55-A916-6035E7D2010B}.Debug|x64.Build.0 = Debug|x64
		{A655F1D7-8C7F-4E55-A916-6035E7D2010B}.Debug|x64.Deploy.0 = Debug|x64
		{A655F1D7-8C7F-4E55-A916-6035E7D2010B}.Debug|x86.ActiveCfg = Debug|x86
		{A655F1D7-8C7F-4E55-A916-6035E7D2010B}.Debug|x86.Build.0 = Debug|x86
		{A655F1D7-8C7F-4E55-A916-6035E7D2010B}.Debug|x86.Deploy.0 = Debug|x86
		{A655F1D7-8C7F-4E55-A916-6035E7D2010B}.Release|ARM.ActiveCfg = Release|ARM
		{A655F1D7-8C7F-4E55-A916-6035E7D2010B}.Release|ARM.Build.0 = Release|ARM
		{A655F1D7-8C7F-4E55-A916-6035E7D2010B}.Release|ARM.Deploy.0 = Release|ARM
		{A655F1D7-8C7F-4E55-A916-6035E7D2010B}.Release|ARM64.ActiveCfg = Release|ARM64
		{A655F1D7-8C7F-4E55-A916-6035E7D2010B}.Release|ARM64.Build.0 = Release|ARM64
		{A655F1D7-8C7F-4E55-A916-6035E7D2010B}.Release|ARM64.Deploy.0 = Release|ARM64
		{A655F1D7-8C7F-4E55-A916-6035E7D2010B}.Release|x64.ActiveCfg = Release|x64
		{A655F1D7-8C7F-4E55-A916-6035E7D2010B}.Release|x64.Build.0 = Release|x64
		{A655F1D7-8C7F-4E55-A916-6035E7D2010B}.Release|x64.Deploy.0 = Release|x64
		{A655F1D7-8C7F-4E55-A916-6035E7D2010B}.Release|x86.ActiveCfg = Release|x86
		{A655F1D7-8C7F-4E55-A916-6035E7D2010B}.Release|x86.Build.0 = Release|x86
		{A655F1D7-8C7F-4E55-A916-6035E7D2010B}.Release|x86.Deploy.0 = Release|x86
	EndGlobalSection
	GlobalSection(SolutionProperties) = preSolution
		HideSolutionNode = FALSE
	EndGlobalSection
	GlobalSection(ExtensibilityGlobals) = postSolution
		SolutionGuid = {EA41760F-BB89-4A59-A5F5-5350D9328D60}
	EndGlobalSection
EndGlobal
