
Microsoft Visual Studio Solution File, Format Version 12.00
# Visual Studio 15
VisualStudioVersion = 15.0.28307.271
MinimumVisualStudioVersion = 10.0.40219.1
Project("{FAE04EC0-301F-11D3-BF4B-00C04F79EFBC}") = "calculator_test_day2", "calculator_test_day2\calculator_test_day2.csproj", "{FF98C1D8-522D-4C7A-8995-D2BEA9D65A9E}"
EndProject
Global
	GlobalSection(SolutionConfigurationPlatforms) = preSolution
		Debug|Any CPU = Debug|Any CPU
		Release|Any CPU = Release|Any CPU
	EndGlobalSection
	GlobalSection(ProjectConfigurationPlatforms) = postSolution
		{FF98C1D8-522D-4C7A-8995-D2BEA9D65A9E}.Debug|Any CPU.ActiveCfg = Debug|Any CPU
		{FF98C1D8-522D-4C7A-8995-D2BEA9D65A9E}.Debug|Any CPU.Build.0 = Debug|Any CPU
		{FF98C1D8-522D-4C7A-8995-D2BEA9D65A9E}.Release|Any CPU.ActiveCfg = Release|Any CPU
		{FF98C1D8-522D-4C7A-8995-D2BEA9D65A9E}.Release|Any CPU.Build.0 = Release|Any CPU
	EndGlobalSection
	GlobalSection(SolutionProperties) = preSolution
		HideSolutionNode = FALSE
	EndGlobalSection
	GlobalSection(ExtensibilityGlobals) = postSolution
		SolutionGuid = {A7FDF6AE-3C32-4DF5-A76E-C0F37874B7D7}
	EndGlobalSection
EndGlobal
